<?xml version="1.0" encoding="utf-8"?>
<Project ToolsVersion="4.0" xmlns="http://schemas.microsoft.com/developer/msbuild/2003">
  <ItemGroup>
    <Filter Include="源文件">
      <UniqueIdentifier>{4FC737F1-C7A5-4376-A066-2A32D752A2FF}</UniqueIdentifier>
      <Extensions>cpp;c;cc;cxx;def;odl;idl;hpj;bat;asm;asmx</Extensions>
    </Filter>
    <Filter Include="头文件">
      <UniqueIdentifier>{93995380-89BD-4b04-88EB-625FBE52EBFB}</UniqueIdentifier>
      <Extensions>h;hh;hpp;hxx;hm;inl;inc;ipp;xsd</Extensions>
    </Filter>
    <Filter Include="资源文件">
      <UniqueIdentifier>{67DA6AB6-F800-4c08-8B7A-83BB121AAD01}</UniqueIdentifier>
      <Extensions>rc;ico;cur;bmp;dlg;rc2;rct;bin;rgs;gif;jpg;jpeg;jpe;resx;tiff;tif;png;wav;mfcribbon-ms</Extensions>
    </Filter>
    <Filter Include="源文件\数据结构与算法">
      <UniqueIdentifier>{d6ec6082-1194-4ba5-b7ef-f385e6d4c27f}</UniqueIdentifier>
    </Filter>
    <Filter Include="源文件\设计模式">
      <UniqueIdentifier>{5adb3cad-9740-46f8-9ff3-413b82235070}</UniqueIdentifier>
    </Filter>
    <Filter Include="源文件\公司笔试">
      <UniqueIdentifier>{10694ba7-30fb-4ed8-a4ac-5fbe8f5ed79a}</UniqueIdentifier>
    </Filter>
    <Filter Include="源文件\常见编程">
      <UniqueIdentifier>{fd8daec2-9f10-43c6-8b13-cba4cca776e4}</UniqueIdentifier>
    </Filter>
    <Filter Include="源文件\公司笔试\网易">
      <UniqueIdentifier>{e4ca51f5-64fa-49b8-a5a4-fbbfdac6df09}</UniqueIdentifier>
    </Filter>
    <Filter Include="源文件\公司笔试\拼多多">
      <UniqueIdentifier>{f4929b02-3b53-49c7-a554-cca1438c03d5}</UniqueIdentifier>
    </Filter>
  </ItemGroup>
  <ItemGroup>
    <ClCompile Include="设计模式\单例模式.cpp">
      <Filter>源文件\设计模式</Filter>
    </ClCompile>
    <ClCompile Include="数据结构与算法\动态规划.cpp">
      <Filter>源文件\数据结构与算法</Filter>
    </ClCompile>
    <ClCompile Include="数据结构与算法\二叉树.cpp">
      <Filter>源文件\数据结构与算法</Filter>
    </ClCompile>
    <ClCompile Include="设计模式\工厂模式.cpp">
      <Filter>源文件\设计模式</Filter>
    </ClCompile>
    <ClCompile Include="数据结构与算法\链表.cpp">
      <Filter>源文件\数据结构与算法</Filter>
    </ClCompile>
    <ClCompile Include="数据结构与算法\排序算法.cpp">
      <Filter>源文件\数据结构与算法</Filter>
    </ClCompile>
    <ClCompile Include="设计模式\其他.cpp">
      <Filter>源文件\设计模式</Filter>
    </ClCompile>
    <ClCompile Include="数据结构与算法\字符串.cpp">
      <Filter>源文件\数据结构与算法</Filter>
    </ClCompile>
    <ClCompile Include="公司\拼多多\飞行棋.cpp">
      <Filter>源文件\公司笔试\拼多多</Filter>
    </ClCompile>
    <ClCompile Include="公司\拼多多\骰子种类.cpp">
      <Filter>源文件\公司笔试\拼多多</Filter>
    </ClCompile>
    <ClCompile Include="公司\拼多多\午餐晚餐热量.cpp">
      <Filter>源文件\公司笔试\拼多多</Filter>
    </ClCompile>
    <ClCompile Include="公司\网易\交换完全二叉树某子树.cpp">
      <Filter>源文件\公司笔试\网易</Filter>
    </ClCompile>
    <ClCompile Include="公司\网易\平分物品.cpp">
      <Filter>源文件\公司笔试\网易</Filter>
    </ClCompile>
    <ClCompile Include="公司\网易\消消乐游戏.cpp">
      <Filter>源文件\公司笔试\网易</Filter>
    </ClCompile>
    <ClCompile Include="公司\网易\小易爱回文.cpp">
      <Filter>源文件\公司笔试\网易</Filter>
    </ClCompile>
    <ClCompile Include="公司\网易\最短排队时间.cpp">
      <Filter>源文件\公司笔试\网易</Filter>
    </ClCompile>
    <ClCompile Include="公司\网易\做福袋.cpp">
      <Filter>源文件\公司笔试\网易</Filter>
    </ClCompile>
    <ClCompile Include="公司\网易\老王打字.cpp">
      <Filter>源文件\公司笔试\网易</Filter>
    </ClCompile>
    <ClCompile Include="数据结构与算法\栈.cpp">
      <Filter>源文件\数据结构与算法</Filter>
    </ClCompile>
  </ItemGroup>
</Project>